
Microsoft Visual Studio Solution File, Format Version 12.00
# Visual Studio Version 17
VisualStudioVersion = 17.5.33318.248
MinimumVisualStudioVersion = 10.0.40219.1
Project("{FAE04EC0-301F-11D3-BF4B-00C04F79EFBC}") = "SilkNETAot", "SilkNETAot\SilkNETAot.csproj", "{ECC96694-DE9D-4148-B7E6-A93655F3105D}"
EndProject
Global
	GlobalSection(SolutionConfigurationPlatforms) = preSolution
		Debug|Any CPU = Debug|Any CPU
		Release|Any CPU = Release|Any CPU
	EndGlobalSection
	GlobalSection(ProjectConfigurationPlatforms) = postSolution
		{ECC96694-DE9D-4148-B7E6-A93655F3105D}.Debug|Any CPU.ActiveCfg = Debug|Any CPU
		{ECC96694-DE9D-4148-B7E6-A93655F3105D}.Debug|Any CPU.Build.0 = Debug|Any CPU
		{ECC96694-DE9D-4148-B7E6-A93655F3105D}.Release|Any CPU.ActiveCfg = Release|Any CPU
		{ECC96694-DE9D-4148-B7E6-A93655F3105D}.Release|Any CPU.Build.0 = Release|Any CPU
	EndGlobalSection
	GlobalSection(SolutionProperties) = preSolution
		HideSolutionNode = FALSE
	EndGlobalSection
	GlobalSection(ExtensibilityGlobals) = postSolution
		SolutionGuid = {6E0CD35B-ED68-42B9-88AC-26376C25C381}
	EndGlobalSection
EndGlobal
